
Microsoft Visual Studio Solution File, Format Version 12.00
# Visual Studio Version 16
VisualStudioVersion = 16.0.29911.84
MinimumVisualStudioVersion = 10.0.40219.1
Project("{FAE04EC0-301F-11D3-BF4B-00C04F79EFBC}") = "xmlWindowsFormsApp1", "xmlWindowsFormsApp1.csproj", "{CAF5BD2B-2254-4A82-A87F-F22BAE198134}"
EndProject
Global
	GlobalSection(SolutionConfigurationPlatforms) = preSolution
		Debug|Any CPU = Debug|Any CPU
		Release|Any CPU = Release|Any CPU
	EndGlobalSection
	GlobalSection(ProjectConfigurationPlatforms) = postSolution
		{CAF5BD2B-2254-4A82-A87F-F22BAE198134}.Debug|Any CPU.ActiveCfg = Debug|Any CPU
		{CAF5BD2B-2254-4A82-A87F-F22BAE198134}.Debug|Any CPU.Build.0 = Debug|Any CPU
		{CAF5BD2B-2254-4A82-A87F-F22BAE198134}.Release|Any CPU.ActiveCfg = Release|Any CPU
		{CAF5BD2B-2254-4A82-A87F-F22BAE198134}.Release|Any CPU.Build.0 = Release|Any CPU
	EndGlobalSection
	GlobalSection(SolutionProperties) = preSolution
		HideSolutionNode = FALSE
	EndGlobalSection
	GlobalSection(ExtensibilityGlobals) = postSolution
		SolutionGuid = {E5C83434-6FD4-4839-A3B9-55FCE1C2C1F8}
	EndGlobalSection
EndGlobal
